
Microsoft Visual Studio Solution File, Format Version 12.00
# Visual Studio Version 17
VisualStudioVersion = 17.7.34009.444
MinimumVisualStudioVersion = 10.0.40219.1
Project("{9A19103F-16F7-4668-BE54-9A1E7A4F7556}") = "IMC", "CursoProgrmacion\IMC.csproj", "{65E80A04-EEF1-4A69-8E10-71EE2940E3DD}"
EndProject
Global
	GlobalSection(SolutionConfigurationPlatforms) = preSolution
		Debug|Any CPU = Debug|Any CPU
		Release|Any CPU = Release|Any CPU
	EndGlobalSection
	GlobalSection(ProjectConfigurationPlatforms) = postSolution
		{65E80A04-EEF1-4A69-8E10-71EE2940E3DD}.Debug|Any CPU.ActiveCfg = Debug|Any CPU
		{65E80A04-EEF1-4A69-8E10-71EE2940E3DD}.Debug|Any CPU.Build.0 = Debug|Any CPU
		{65E80A04-EEF1-4A69-8E10-71EE2940E3DD}.Release|Any CPU.ActiveCfg = Release|Any CPU
		{65E80A04-EEF1-4A69-8E10-71EE2940E3DD}.Release|Any CPU.Build.0 = Release|Any CPU
	EndGlobalSection
	GlobalSection(SolutionProperties) = preSolution
		HideSolutionNode = FALSE
	EndGlobalSection
	GlobalSection(ExtensibilityGlobals) = postSolution
		SolutionGuid = {0ED91E3A-8D84-4E21-8937-2DBF431860CA}
	EndGlobalSection
EndGlobal
